
Microsoft Visual Studio Solution File, Format Version 12.00
# Visual Studio Version 17
VisualStudioVersion = 17.0.31903.59
MinimumVisualStudioVersion = 10.0.40219.1
Project("{FAE04EC0-301F-11D3-BF4B-00C04F79EFBC}") = "agendadorBackend.API", "agendadorBackend.API\agendadorBackend.API.csproj", "{F4EB3534-FECE-4305-935B-E9725B8690DC}"
EndProject
Project("{FAE04EC0-301F-11D3-BF4B-00C04F79EFBC}") = "agendadorBackend.Application", "agendadorBackend.Application\agendadorBackend.Application.csproj", "{B6248EEA-4A00-4674-93A7-C5F249474F71}"
EndProject
Project("{FAE04EC0-301F-11D3-BF4B-00C04F79EFBC}") = "agendadorBackend.Domain", "agendadorBackend.Domain\agendadorBackend.Domain.csproj", "{A34AC296-0FD4-4356-BBC6-2061850CD174}"
EndProject
Project("{FAE04EC0-301F-11D3-BF4B-00C04F79EFBC}") = "agendadorBackend.Tests", "agendadorBackend.Tests\agendadorBackend.Tests.csproj", "{62DD150D-CF13-4A54-9752-8D5A51E70B21}"
EndProject
Global
	GlobalSection(SolutionConfigurationPlatforms) = preSolution
		Debug|Any CPU = Debug|Any CPU
		Debug|x64 = Debug|x64
		Debug|x86 = Debug|x86
		Release|Any CPU = Release|Any CPU
		Release|x64 = Release|x64
		Release|x86 = Release|x86
	EndGlobalSection
	GlobalSection(ProjectConfigurationPlatforms) = postSolution
		{F4EB3534-FECE-4305-935B-E9725B8690DC}.Debug|Any CPU.ActiveCfg = Debug|Any CPU
		{F4EB3534-FECE-4305-935B-E9725B8690DC}.Debug|Any CPU.Build.0 = Debug|Any CPU
		{F4EB3534-FECE-4305-935B-E9725B8690DC}.Debug|x64.ActiveCfg = Debug|Any CPU
		{F4EB3534-FECE-4305-935B-E9725B8690DC}.Debug|x64.Build.0 = Debug|Any CPU
		{F4EB3534-FECE-4305-935B-E9725B8690DC}.Debug|x86.ActiveCfg = Debug|Any CPU
		{F4EB3534-FECE-4305-935B-E9725B8690DC}.Debug|x86.Build.0 = Debug|Any CPU
		{F4EB3534-FECE-4305-935B-E9725B8690DC}.Release|Any CPU.ActiveCfg = Release|Any CPU
		{F4EB3534-FECE-4305-935B-E9725B8690DC}.Release|Any CPU.Build.0 = Release|Any CPU
		{F4EB3534-FECE-4305-935B-E9725B8690DC}.Release|x64.ActiveCfg = Release|Any CPU
		{F4EB3534-FECE-4305-935B-E9725B8690DC}.Release|x64.Build.0 = Release|Any CPU
		{F4EB3534-FECE-4305-935B-E9725B8690DC}.Release|x86.ActiveCfg = Release|Any CPU
		{F4EB3534-FECE-4305-935B-E9725B8690DC}.Release|x86.Build.0 = Release|Any CPU
		{B6248EEA-4A00-4674-93A7-C5F249474F71}.Debug|Any CPU.ActiveCfg = Debug|Any CPU
		{B6248EEA-4A00-4674-93A7-C5F249474F71}.Debug|Any CPU.Build.0 = Debug|Any CPU
		{B6248EEA-4A00-4674-93A7-C5F249474F71}.Debug|x64.ActiveCfg = Debug|Any CPU
		{B6248EEA-4A00-4674-93A7-C5F249474F71}.Debug|x64.Build.0 = Debug|Any CPU
		{B6248EEA-4A00-4674-93A7-C5F249474F71}.Debug|x86.ActiveCfg = Debug|Any CPU
		{B6248EEA-4A00-4674-93A7-C5F249474F71}.Debug|x86.Build.0 = Debug|Any CPU
		{B6248EEA-4A00-4674-93A7-C5F249474F71}.Release|Any CPU.ActiveCfg = Release|Any CPU
		{B6248EEA-4A00-4674-93A7-C5F249474F71}.Release|Any CPU.Build.0 = Release|Any CPU
		{B6248EEA-4A00-4674-93A7-C5F249474F71}.Release|x64.ActiveCfg = Release|Any CPU
		{B6248EEA-4A00-4674-93A7-C5F249474F71}.Release|x64.Build.0 = Release|Any CPU
		{B6248EEA-4A00-4674-93A7-C5F249474F71}.Release|x86.ActiveCfg = Release|Any CPU
		{B6248EEA-4A00-4674-93A7-C5F249474F71}.Release|x86.Build.0 = Release|Any CPU
		{A34AC296-0FD4-4356-BBC6-2061850CD174}.Debug|Any CPU.ActiveCfg = Debug|Any CPU
		{A34AC296-0FD4-4356-BBC6-2061850CD174}.Debug|Any CPU.Build.0 = Debug|Any CPU
		{A34AC296-0FD4-4356-BBC6-2061850CD174}.Debug|x64.ActiveCfg = Debug|Any CPU
		{A34AC296-0FD4-4356-BBC6-2061850CD174}.Debug|x64.Build.0 = Debug|Any CPU
		{A34AC296-0FD4-4356-BBC6-2061850CD174}.Debug|x86.ActiveCfg = Debug|Any CPU
		{A34AC296-0FD4-4356-BBC6-2061850CD174}.Debug|x86.Build.0 = Debug|Any CPU
		{A34AC296-0FD4-4356-BBC6-2061850CD174}.Release|Any CPU.ActiveCfg = Release|Any CPU
		{A34AC296-0FD4-4356-BBC6-2061850CD174}.Release|Any CPU.Build.0 = Release|Any CPU
		{A34AC296-0FD4-4356-BBC6-2061850CD174}.Release|x64.ActiveCfg = Release|Any CPU
		{A34AC296-0FD4-4356-BBC6-2061850CD174}.Release|x64.Build.0 = Release|Any CPU
		{A34AC296-0FD4-4356-BBC6-2061850CD174}.Release|x86.ActiveCfg = Release|Any CPU
		{A34AC296-0FD4-4356-BBC6-2061850CD174}.Release|x86.Build.0 = Release|Any CPU
		{62DD150D-CF13-4A54-9752-8D5A51E70B21}.Debug|Any CPU.ActiveCfg = Debug|Any CPU
		{62DD150D-CF13-4A54-9752-8D5A51E70B21}.Debug|Any CPU.Build.0 = Debug|Any CPU
		{62DD150D-CF13-4A54-9752-8D5A51E70B21}.Debug|x64.ActiveCfg = Debug|Any CPU
		{62DD150D-CF13-4A54-9752-8D5A51E70B21}.Debug|x64.Build.0 = Debug|Any CPU
		{62DD150D-CF13-4A54-9752-8D5A51E70B21}.Debug|x86.ActiveCfg = Debug|Any CPU
		{62DD150D-CF13-4A54-9752-8D5A51E70B21}.Debug|x86.Build.0 = Debug|Any CPU
		{62DD150D-CF13-4A54-9752-8D5A51E70B21}.Release|Any CPU.ActiveCfg = Release|Any CPU
		{62DD150D-CF13-4A54-9752-8D5A51E70B21}.Release|Any CPU.Build.0 = Release|Any CPU
		{62DD150D-CF13-4A54-9752-8D5A51E70B21}.Release|x64.ActiveCfg = Release|Any CPU
		{62DD150D-CF13-4A54-9752-8D5A51E70B21}.Release|x64.Build.0 = Release|Any CPU
		{62DD150D-CF13-4A54-9752-8D5A51E70B21}.Release|x86.ActiveCfg = Release|Any CPU
		{62DD150D-CF13-4A54-9752-8D5A51E70B21}.Release|x86.Build.0 = Release|Any CPU
	EndGlobalSection
	GlobalSection(SolutionProperties) = preSolution
		HideSolutionNode = FALSE
	EndGlobalSection
EndGlobal
